
Microsoft Visual Studio Solution File, Format Version 12.00
# Visual Studio 15
VisualStudioVersion = 15.0.27004.2009
MinimumVisualStudioVersion = 10.0.40219.1
Project("{FAE04EC0-301F-11D3-BF4B-00C04F79EFBC}") = "Shop.Web", "Shop.Web\Shop.Web.csproj", "{5D5DFCEF-4AC9-46C1-8BF4-D4D367227869}"
EndProject
Project("{FAE04EC0-301F-11D3-BF4B-00C04F79EFBC}") = "Shop.Domain", "Shop.Domain\Shop.Domain.csproj", "{AE1B1E1C-A179-4230-9BA4-5A83A321CC15}"
EndProject
Project("{FAE04EC0-301F-11D3-BF4B-00C04F79EFBC}") = "Shop.Data", "Shop.Data\Shop.Data.csproj", "{12619932-E8CF-4626-9222-EF85BD591C05}"
EndProject
Project("{FAE04EC0-301F-11D3-BF4B-00C04F79EFBC}") = "Shop.Business", "Shop.Business\Shop.Business.csproj", "{DAD0F3B2-9222-4918-9F2D-D1A8127664F4}"
EndProject
Project("{FAE04EC0-301F-11D3-BF4B-00C04F79EFBC}") = "ConsoleApp", "ConsoleApp\ConsoleApp.csproj", "{597626DA-27BC-436B-A29B-88BB91FF3479}"
EndProject
Global
	GlobalSection(SolutionConfigurationPlatforms) = preSolution
		Debug|Any CPU = Debug|Any CPU
		Release|Any CPU = Release|Any CPU
	EndGlobalSection
	GlobalSection(ProjectConfigurationPlatforms) = postSolution
		{5D5DFCEF-4AC9-46C1-8BF4-D4D367227869}.Debug|Any CPU.ActiveCfg = Debug|Any CPU
		{5D5DFCEF-4AC9-46C1-8BF4-D4D367227869}.Debug|Any CPU.Build.0 = Debug|Any CPU
		{5D5DFCEF-4AC9-46C1-8BF4-D4D367227869}.Release|Any CPU.ActiveCfg = Release|Any CPU
		{5D5DFCEF-4AC9-46C1-8BF4-D4D367227869}.Release|Any CPU.Build.0 = Release|Any CPU
		{AE1B1E1C-A179-4230-9BA4-5A83A321CC15}.Debug|Any CPU.ActiveCfg = Debug|Any CPU
		{AE1B1E1C-A179-4230-9BA4-5A83A321CC15}.Debug|Any CPU.Build.0 = Debug|Any CPU
		{AE1B1E1C-A179-4230-9BA4-5A83A321CC15}.Release|Any CPU.ActiveCfg = Release|Any CPU
		{AE1B1E1C-A179-4230-9BA4-5A83A321CC15}.Release|Any CPU.Build.0 = Release|Any CPU
		{12619932-E8CF-4626-9222-EF85BD591C05}.Debug|Any CPU.ActiveCfg = Debug|Any CPU
		{12619932-E8CF-4626-9222-EF85BD591C05}.Debug|Any CPU.Build.0 = Debug|Any CPU
		{12619932-E8CF-4626-9222-EF85BD591C05}.Release|Any CPU.ActiveCfg = Release|Any CPU
		{12619932-E8CF-4626-9222-EF85BD591C05}.Release|Any CPU.Build.0 = Release|Any CPU
		{DAD0F3B2-9222-4918-9F2D-D1A8127664F4}.Debug|Any CPU.ActiveCfg = Debug|Any CPU
		{DAD0F3B2-9222-4918-9F2D-D1A8127664F4}.Debug|Any CPU.Build.0 = Debug|Any CPU
		{DAD0F3B2-9222-4918-9F2D-D1A8127664F4}.Release|Any CPU.ActiveCfg = Release|Any CPU
		{DAD0F3B2-9222-4918-9F2D-D1A8127664F4}.Release|Any CPU.Build.0 = Release|Any CPU
		{597626DA-27BC-436B-A29B-88BB91FF3479}.Debug|Any CPU.ActiveCfg = Debug|Any CPU
		{597626DA-27BC-436B-A29B-88BB91FF3479}.Debug|Any CPU.Build.0 = Debug|Any CPU
		{597626DA-27BC-436B-A29B-88BB91FF3479}.Release|Any CPU.ActiveCfg = Release|Any CPU
		{597626DA-27BC-436B-A29B-88BB91FF3479}.Release|Any CPU.Build.0 = Release|Any CPU
	EndGlobalSection
	GlobalSection(SolutionProperties) = preSolution
		HideSolutionNode = FALSE
	EndGlobalSection
	GlobalSection(ExtensibilityGlobals) = postSolution
		SolutionGuid = {49953125-53CC-49EA-8640-BD6DD4FAD029}
	EndGlobalSection
EndGlobal
